
Microsoft Visual Studio Solution File, Format Version 12.00
# Visual Studio Version 17
VisualStudioVersion = 17.13.35913.81 d17.13
MinimumVisualStudioVersion = 10.0.40219.1
Project("{FAE04EC0-301F-11D3-BF4B-00C04F79EFBC}") = "firstconsoleapp", "firstconsoleapp\firstconsoleapp.csproj", "{61BCF806-2308-4CB4-969E-92FE7F8358E9}"
EndProject
Global
	GlobalSection(SolutionConfigurationPlatforms) = preSolution
		Debug|Any CPU = Debug|Any CPU
		Release|Any CPU = Release|Any CPU
	EndGlobalSection
	GlobalSection(ProjectConfigurationPlatforms) = postSolution
		{61BCF806-2308-4CB4-969E-92FE7F8358E9}.Debug|Any CPU.ActiveCfg = Debug|Any CPU
		{61BCF806-2308-4CB4-969E-92FE7F8358E9}.Debug|Any CPU.Build.0 = Debug|Any CPU
		{61BCF806-2308-4CB4-969E-92FE7F8358E9}.Release|Any CPU.ActiveCfg = Release|Any CPU
		{61BCF806-2308-4CB4-969E-92FE7F8358E9}.Release|Any CPU.Build.0 = Release|Any CPU
	EndGlobalSection
	GlobalSection(SolutionProperties) = preSolution
		HideSolutionNode = FALSE
	EndGlobalSection
	GlobalSection(ExtensibilityGlobals) = postSolution
		SolutionGuid = {F84AD6F5-3185-41C4-AC82-981420D9544D}
	EndGlobalSection
EndGlobal
