
Microsoft Visual Studio Solution File, Format Version 12.00
# Visual Studio Version 17
VisualStudioVersion = 17.13.35828.75 d17.13
MinimumVisualStudioVersion = 10.0.40219.1
Project("{FAE04EC0-301F-11D3-BF4B-00C04F79EFBC}") = "ASSIGNMENTS", "ASSIGNMENTS\ASSIGNMENTS.csproj", "{DA37B0B4-C885-4A3B-80AA-5C1A64932732}"
EndProject
Global
	GlobalSection(SolutionConfigurationPlatforms) = preSolution
		Debug|Any CPU = Debug|Any CPU
		Release|Any CPU = Release|Any CPU
	EndGlobalSection
	GlobalSection(ProjectConfigurationPlatforms) = postSolution
		{DA37B0B4-C885-4A3B-80AA-5C1A64932732}.Debug|Any CPU.ActiveCfg = Debug|Any CPU
		{DA37B0B4-C885-4A3B-80AA-5C1A64932732}.Debug|Any CPU.Build.0 = Debug|Any CPU
		{DA37B0B4-C885-4A3B-80AA-5C1A64932732}.Release|Any CPU.ActiveCfg = Release|Any CPU
		{DA37B0B4-C885-4A3B-80AA-5C1A64932732}.Release|Any CPU.Build.0 = Release|Any CPU
	EndGlobalSection
	GlobalSection(SolutionProperties) = preSolution
		HideSolutionNode = FALSE
	EndGlobalSection
	GlobalSection(ExtensibilityGlobals) = postSolution
		SolutionGuid = {D2323167-4893-43C3-BECA-6344D47F2CF8}
	EndGlobalSection
EndGlobal
