
Microsoft Visual Studio Solution File, Format Version 12.00
# Visual Studio Version 17
VisualStudioVersion = 17.13.35931.197
MinimumVisualStudioVersion = 10.0.40219.1
Project("{FAE04EC0-301F-11D3-BF4B-00C04F79EFBC}") = "CarConnectApp", "CarConnectApp.csproj", "{17A89823-12D9-41CF-AF95-CAA1C33DC573}"
EndProject
Project("{FAE04EC0-301F-11D3-BF4B-00C04F79EFBC}") = "CarConnectAppTest", "..\CarConnectAppTest\CarConnectAppTest.csproj", "{E419092E-3767-4E59-9AAE-CE31C7D55D16}"
EndProject
Project("{FAE04EC0-301F-11D3-BF4B-00C04F79EFBC}") = "CarConnectTest1", "..\CarConnectTest1\CarConnectTest1.csproj", "{899AE5FA-19B9-4609-B1E4-FAF0BD2FA85C}"
EndProject
Global
	GlobalSection(SolutionConfigurationPlatforms) = preSolution
		Debug|Any CPU = Debug|Any CPU
		Release|Any CPU = Release|Any CPU
	EndGlobalSection
	GlobalSection(ProjectConfigurationPlatforms) = postSolution
		{17A89823-12D9-41CF-AF95-CAA1C33DC573}.Debug|Any CPU.ActiveCfg = Debug|Any CPU
		{17A89823-12D9-41CF-AF95-CAA1C33DC573}.Debug|Any CPU.Build.0 = Debug|Any CPU
		{17A89823-12D9-41CF-AF95-CAA1C33DC573}.Release|Any CPU.ActiveCfg = Release|Any CPU
		{17A89823-12D9-41CF-AF95-CAA1C33DC573}.Release|Any CPU.Build.0 = Release|Any CPU
		{E419092E-3767-4E59-9AAE-CE31C7D55D16}.Debug|Any CPU.ActiveCfg = Debug|Any CPU
		{E419092E-3767-4E59-9AAE-CE31C7D55D16}.Debug|Any CPU.Build.0 = Debug|Any CPU
		{E419092E-3767-4E59-9AAE-CE31C7D55D16}.Release|Any CPU.ActiveCfg = Release|Any CPU
		{E419092E-3767-4E59-9AAE-CE31C7D55D16}.Release|Any CPU.Build.0 = Release|Any CPU
		{899AE5FA-19B9-4609-B1E4-FAF0BD2FA85C}.Debug|Any CPU.ActiveCfg = Debug|Any CPU
		{899AE5FA-19B9-4609-B1E4-FAF0BD2FA85C}.Debug|Any CPU.Build.0 = Debug|Any CPU
		{899AE5FA-19B9-4609-B1E4-FAF0BD2FA85C}.Release|Any CPU.ActiveCfg = Release|Any CPU
		{899AE5FA-19B9-4609-B1E4-FAF0BD2FA85C}.Release|Any CPU.Build.0 = Release|Any CPU
	EndGlobalSection
	GlobalSection(SolutionProperties) = preSolution
		HideSolutionNode = FALSE
	EndGlobalSection
	GlobalSection(ExtensibilityGlobals) = postSolution
		SolutionGuid = {F06750DC-A659-465D-B238-1BAF5114DB91}
	EndGlobalSection
EndGlobal
