
Microsoft Visual Studio Solution File, Format Version 12.00
# Visual Studio Version 17
VisualStudioVersion = 17.13.35931.197 d17.13
MinimumVisualStudioVersion = 10.0.40219.1
Project("{FAE04EC0-301F-11D3-BF4B-00C04F79EFBC}") = "PetPalsApp", "PetPalsApp.csproj", "{5EE8865B-9F65-42A2-B3A4-A4E3110F04DE}"
EndProject
Global
	GlobalSection(SolutionConfigurationPlatforms) = preSolution
		Debug|Any CPU = Debug|Any CPU
		Release|Any CPU = Release|Any CPU
	EndGlobalSection
	GlobalSection(ProjectConfigurationPlatforms) = postSolution
		{5EE8865B-9F65-42A2-B3A4-A4E3110F04DE}.Debug|Any CPU.ActiveCfg = Debug|Any CPU
		{5EE8865B-9F65-42A2-B3A4-A4E3110F04DE}.Debug|Any CPU.Build.0 = Debug|Any CPU
		{5EE8865B-9F65-42A2-B3A4-A4E3110F04DE}.Release|Any CPU.ActiveCfg = Release|Any CPU
		{5EE8865B-9F65-42A2-B3A4-A4E3110F04DE}.Release|Any CPU.Build.0 = Release|Any CPU
	EndGlobalSection
	GlobalSection(SolutionProperties) = preSolution
		HideSolutionNode = FALSE
	EndGlobalSection
	GlobalSection(ExtensibilityGlobals) = postSolution
		SolutionGuid = {E220806F-C2F5-4712-B014-8961C72591FD}
	EndGlobalSection
EndGlobal
