
Microsoft Visual Studio Solution File, Format Version 12.00
# Visual Studio Version 17
VisualStudioVersion = 17.13.35931.197 d17.13
MinimumVisualStudioVersion = 10.0.40219.1
Project("{FAE04EC0-301F-11D3-BF4B-00C04F79EFBC}") = "PetPalsApp", "PetPalsApp.csproj", "{FDFF07E4-0F0F-40F8-BD93-3F728C88BD6D}"
EndProject
Global
	GlobalSection(SolutionConfigurationPlatforms) = preSolution
		Debug|Any CPU = Debug|Any CPU
		Release|Any CPU = Release|Any CPU
	EndGlobalSection
	GlobalSection(ProjectConfigurationPlatforms) = postSolution
		{FDFF07E4-0F0F-40F8-BD93-3F728C88BD6D}.Debug|Any CPU.ActiveCfg = Debug|Any CPU
		{FDFF07E4-0F0F-40F8-BD93-3F728C88BD6D}.Debug|Any CPU.Build.0 = Debug|Any CPU
		{FDFF07E4-0F0F-40F8-BD93-3F728C88BD6D}.Release|Any CPU.ActiveCfg = Release|Any CPU
		{FDFF07E4-0F0F-40F8-BD93-3F728C88BD6D}.Release|Any CPU.Build.0 = Release|Any CPU
	EndGlobalSection
	GlobalSection(SolutionProperties) = preSolution
		HideSolutionNode = FALSE
	EndGlobalSection
	GlobalSection(ExtensibilityGlobals) = postSolution
		SolutionGuid = {AAD219A2-02F2-4C2E-A684-791D90217853}
	EndGlobalSection
EndGlobal
